
Microsoft Visual Studio Solution File, Format Version 12.00
# Visual Studio 15
VisualStudioVersion = 15.0.26124.0
MinimumVisualStudioVersion = 15.0.26124.0
Project("{FAE04EC0-301F-11D3-BF4B-00C04F79EFBC}") = "api", "api\api.csproj", "{0D0A195E-D1D4-4267-AA0E-3EBD3117B2D7}"
EndProject
Project("{FAE04EC0-301F-11D3-BF4B-00C04F79EFBC}") = "Services", "Services\Services.csproj", "{E75DCD70-F4AB-4B96-B1F6-35857BCF6E3D}"
EndProject
Project("{FAE04EC0-301F-11D3-BF4B-00C04F79EFBC}") = "DAL", "DAL\DAL.csproj", "{7E6EEFAA-2964-4FF2-9800-8D980332EDB7}"
EndProject
Global
	GlobalSection(SolutionConfigurationPlatforms) = preSolution
		Debug|Any CPU = Debug|Any CPU
		Debug|x64 = Debug|x64
		Debug|x86 = Debug|x86
		Release|Any CPU = Release|Any CPU
		Release|x64 = Release|x64
		Release|x86 = Release|x86
	EndGlobalSection
	GlobalSection(SolutionProperties) = preSolution
		HideSolutionNode = FALSE
	EndGlobalSection
	GlobalSection(ProjectConfigurationPlatforms) = postSolution
		{0D0A195E-D1D4-4267-AA0E-3EBD3117B2D7}.Debug|Any CPU.ActiveCfg = Debug|Any CPU
		{0D0A195E-D1D4-4267-AA0E-3EBD3117B2D7}.Debug|Any CPU.Build.0 = Debug|Any CPU
		{0D0A195E-D1D4-4267-AA0E-3EBD3117B2D7}.Debug|x64.ActiveCfg = Debug|Any CPU
		{0D0A195E-D1D4-4267-AA0E-3EBD3117B2D7}.Debug|x64.Build.0 = Debug|Any CPU
		{0D0A195E-D1D4-4267-AA0E-3EBD3117B2D7}.Debug|x86.ActiveCfg = Debug|Any CPU
		{0D0A195E-D1D4-4267-AA0E-3EBD3117B2D7}.Debug|x86.Build.0 = Debug|Any CPU
		{0D0A195E-D1D4-4267-AA0E-3EBD3117B2D7}.Release|Any CPU.ActiveCfg = Release|Any CPU
		{0D0A195E-D1D4-4267-AA0E-3EBD3117B2D7}.Release|Any CPU.Build.0 = Release|Any CPU
		{0D0A195E-D1D4-4267-AA0E-3EBD3117B2D7}.Release|x64.ActiveCfg = Release|Any CPU
		{0D0A195E-D1D4-4267-AA0E-3EBD3117B2D7}.Release|x64.Build.0 = Release|Any CPU
		{0D0A195E-D1D4-4267-AA0E-3EBD3117B2D7}.Release|x86.ActiveCfg = Release|Any CPU
		{0D0A195E-D1D4-4267-AA0E-3EBD3117B2D7}.Release|x86.Build.0 = Release|Any CPU
		{E75DCD70-F4AB-4B96-B1F6-35857BCF6E3D}.Debug|Any CPU.ActiveCfg = Debug|Any CPU
		{E75DCD70-F4AB-4B96-B1F6-35857BCF6E3D}.Debug|Any CPU.Build.0 = Debug|Any CPU
		{E75DCD70-F4AB-4B96-B1F6-35857BCF6E3D}.Debug|x64.ActiveCfg = Debug|Any CPU
		{E75DCD70-F4AB-4B96-B1F6-35857BCF6E3D}.Debug|x64.Build.0 = Debug|Any CPU
		{E75DCD70-F4AB-4B96-B1F6-35857BCF6E3D}.Debug|x86.ActiveCfg = Debug|Any CPU
		{E75DCD70-F4AB-4B96-B1F6-35857BCF6E3D}.Debug|x86.Build.0 = Debug|Any CPU
		{E75DCD70-F4AB-4B96-B1F6-35857BCF6E3D}.Release|Any CPU.ActiveCfg = Release|Any CPU
		{E75DCD70-F4AB-4B96-B1F6-35857BCF6E3D}.Release|Any CPU.Build.0 = Release|Any CPU
		{E75DCD70-F4AB-4B96-B1F6-35857BCF6E3D}.Release|x64.ActiveCfg = Release|Any CPU
		{E75DCD70-F4AB-4B96-B1F6-35857BCF6E3D}.Release|x64.Build.0 = Release|Any CPU
		{E75DCD70-F4AB-4B96-B1F6-35857BCF6E3D}.Release|x86.ActiveCfg = Release|Any CPU
		{E75DCD70-F4AB-4B96-B1F6-35857BCF6E3D}.Release|x86.Build.0 = Release|Any CPU
		{7E6EEFAA-2964-4FF2-9800-8D980332EDB7}.Debug|Any CPU.ActiveCfg = Debug|Any CPU
		{7E6EEFAA-2964-4FF2-9800-8D980332EDB7}.Debug|Any CPU.Build.0 = Debug|Any CPU
		{7E6EEFAA-2964-4FF2-9800-8D980332EDB7}.Debug|x64.ActiveCfg = Debug|Any CPU
		{7E6EEFAA-2964-4FF2-9800-8D980332EDB7}.Debug|x64.Build.0 = Debug|Any CPU
		{7E6EEFAA-2964-4FF2-9800-8D980332EDB7}.Debug|x86.ActiveCfg = Debug|Any CPU
		{7E6EEFAA-2964-4FF2-9800-8D980332EDB7}.Debug|x86.Build.0 = Debug|Any CPU
		{7E6EEFAA-2964-4FF2-9800-8D980332EDB7}.Release|Any CPU.ActiveCfg = Release|Any CPU
		{7E6EEFAA-2964-4FF2-9800-8D980332EDB7}.Release|Any CPU.Build.0 = Release|Any CPU
		{7E6EEFAA-2964-4FF2-9800-8D980332EDB7}.Release|x64.ActiveCfg = Release|Any CPU
		{7E6EEFAA-2964-4FF2-9800-8D980332EDB7}.Release|x64.Build.0 = Release|Any CPU
		{7E6EEFAA-2964-4FF2-9800-8D980332EDB7}.Release|x86.ActiveCfg = Release|Any CPU
		{7E6EEFAA-2964-4FF2-9800-8D980332EDB7}.Release|x86.Build.0 = Release|Any CPU
	EndGlobalSection
EndGlobal
